// !$*UTF8*$!
{
	archiveVersion = 1;
	classes = {
	};
	objectVersion = 56;
	objects = {

/* Begin PBXBuildFile section */
		17DCF26629F43EEF0041F089 /* SwiftyWordsApp.swift in Sources */ = {isa = PBXBuildFile; fileRef = 17DCF26529F43EEF0041F089 /* SwiftyWordsApp.swift */; };
		17DCF26829F43EEF0041F089 /* ContentView.swift in Sources */ = {isa = PBXBuildFile; fileRef = 17DCF26729F43EEF0041F089 /* ContentView.swift */; };
		17DCF26A29F43EF00041F089 /* Assets.xcassets in Resources */ = {isa = PBXBuildFile; fileRef = 17DCF26929F43EF00041F089 /* Assets.xcassets */; };
		17DCF26D29F43EF00041F089 /* Preview Assets.xcassets in Resources */ = {isa = PBXBuildFile; fileRef = 17DCF26C29F43EF00041F089 /* Preview Assets.xcassets */; };
		17DCF28A29F43F000041F089 /* Bundle-Decodable.swift in Sources */ = {isa = PBXBuildFile; fileRef = 17DCF27329F43F000041F089 /* Bundle-Decodable.swift */; };
		17DCF28B29F43F000041F089 /* Categories.json in Resources */ = {isa = PBXBuildFile; fileRef = 17DCF27529F43F000041F089 /* Categories.json */; };
		17DCF28C29F43F000041F089 /* Music.json in Resources */ = {isa = PBXBuildFile; fileRef = 17DCF27629F43F000041F089 /* Music.json */; };
		17DCF28D29F43F000041F089 /* Hobbies.json in Resources */ = {isa = PBXBuildFile; fileRef = 17DCF27729F43F000041F089 /* Hobbies.json */; };
		17DCF28E29F43F000041F089 /* Plants.json in Resources */ = {isa = PBXBuildFile; fileRef = 17DCF27829F43F000041F089 /* Plants.json */; };
		17DCF28F29F43F000041F089 /* VideoGames.json in Resources */ = {isa = PBXBuildFile; fileRef = 17DCF27929F43F000041F089 /* VideoGames.json */; };
		17DCF29029F43F000041F089 /* Places.json in Resources */ = {isa = PBXBuildFile; fileRef = 17DCF27A29F43F000041F089 /* Places.json */; };
		17DCF29129F43F000041F089 /* Random.json in Resources */ = {isa = PBXBuildFile; fileRef = 17DCF27B29F43F000041F089 /* Random.json */; };
		17DCF29229F43F000041F089 /* SciFiFantasy.json in Resources */ = {isa = PBXBuildFile; fileRef = 17DCF27C29F43F000041F089 /* SciFiFantasy.json */; };
		17DCF29329F43F000041F089 /* Weather.json in Resources */ = {isa = PBXBuildFile; fileRef = 17DCF27D29F43F000041F089 /* Weather.json */; };
		17DCF29429F43F000041F089 /* Animals.json in Resources */ = {isa = PBXBuildFile; fileRef = 17DCF27E29F43F000041F089 /* Animals.json */; };
		17DCF29529F43F000041F089 /* MoviesAndTV.json in Resources */ = {isa = PBXBuildFile; fileRef = 17DCF27F29F43F000041F089 /* MoviesAndTV.json */; };
		17DCF29629F43F000041F089 /* Sports.json in Resources */ = {isa = PBXBuildFile; fileRef = 17DCF28029F43F000041F089 /* Sports.json */; };
		17DCF29729F43F000041F089 /* Computers.json in Resources */ = {isa = PBXBuildFile; fileRef = 17DCF28129F43F000041F089 /* Computers.json */; };
		17DCF29829F43F000041F089 /* Foods.json in Resources */ = {isa = PBXBuildFile; fileRef = 17DCF28229F43F000041F089 /* Foods.json */; };
		17DCF29929F43F000041F089 /* Brands.json in Resources */ = {isa = PBXBuildFile; fileRef = 17DCF28329F43F000041F089 /* Brands.json */; };
		17DCF29A29F43F000041F089 /* Pokemon.json in Resources */ = {isa = PBXBuildFile; fileRef = 17DCF28429F43F000041F089 /* Pokemon.json */; };
		17DCF29B29F43F000041F089 /* People.json in Resources */ = {isa = PBXBuildFile; fileRef = 17DCF28529F43F000041F089 /* People.json */; };
		17DCF29C29F43F000041F089 /* School.json in Resources */ = {isa = PBXBuildFile; fileRef = 17DCF28629F43F000041F089 /* School.json */; };
		17DCF29D29F43F000041F089 /* Celebrities.json in Resources */ = {isa = PBXBuildFile; fileRef = 17DCF28729F43F000041F089 /* Celebrities.json */; };
		17DCF29E29F43F000041F089 /* Manga.json in Resources */ = {isa = PBXBuildFile; fileRef = 17DCF28829F43F000041F089 /* Manga.json */; };
		17DCF29F29F43F000041F089 /* Science.json in Resources */ = {isa = PBXBuildFile; fileRef = 17DCF28929F43F000041F089 /* Science.json */; };
		17DCF2A129F43FBF0041F089 /* DataTypes.swift in Sources */ = {isa = PBXBuildFile; fileRef = 17DCF2A029F43FBF0041F089 /* DataTypes.swift */; };
		17DCF2A329F442470041F089 /* LevelViewModel.swift in Sources */ = {isa = PBXBuildFile; fileRef = 17DCF2A229F442470041F089 /* LevelViewModel.swift */; };
		17DCF2A529F449810041F089 /* SegmentView.swift in Sources */ = {isa = PBXBuildFile; fileRef = 17DCF2A429F449810041F089 /* SegmentView.swift */; };
		17DCF2A729F44BCD0041F089 /* LevelsView.swift in Sources */ = {isa = PBXBuildFile; fileRef = 17DCF2A629F44BCD0041F089 /* LevelsView.swift */; };
		17DCF2A929F44CD50041F089 /* CategoriesView.swift in Sources */ = {isa = PBXBuildFile; fileRef = 17DCF2A829F44CD50041F089 /* CategoriesView.swift */; };
/* End PBXBuildFile section */

/* Begin PBXFileReference section */
		17DCF26229F43EEF0041F089 /* SwiftyWords.app */ = {isa = PBXFileReference; explicitFileType = wrapper.application; includeInIndex = 0; path = SwiftyWords.app; sourceTree = BUILT_PRODUCTS_DIR; };
		17DCF26529F43EEF0041F089 /* SwiftyWordsApp.swift */ = {isa = PBXFileReference; lastKnownFileType = sourcecode.swift; path = SwiftyWordsApp.swift; sourceTree = "<group>"; };
		17DCF26729F43EEF0041F089 /* ContentView.swift */ = {isa = PBXFileReference; lastKnownFileType = sourcecode.swift; path = ContentView.swift; sourceTree = "<group>"; };
		17DCF26929F43EF00041F089 /* Assets.xcassets */ = {isa = PBXFileReference; lastKnownFileType = folder.assetcatalog; path = Assets.xcassets; sourceTree = "<group>"; };
		17DCF26C29F43EF00041F089 /* Preview Assets.xcassets */ = {isa = PBXFileReference; lastKnownFileType = folder.assetcatalog; path = "Preview Assets.xcassets"; sourceTree = "<group>"; };
		17DCF27329F43F000041F089 /* Bundle-Decodable.swift */ = {isa = PBXFileReference; fileEncoding = 4; lastKnownFileType = sourcecode.swift; path = "Bundle-Decodable.swift"; sourceTree = "<group>"; };
		17DCF27529F43F000041F089 /* Categories.json */ = {isa = PBXFileReference; fileEncoding = 4; lastKnownFileType = text.json; path = Categories.json; sourceTree = "<group>"; };
		17DCF27629F43F000041F089 /* Music.json */ = {isa = PBXFileReference; fileEncoding = 4; lastKnownFileType = text.json; path = Music.json; sourceTree = "<group>"; };
		17DCF27729F43F000041F089 /* Hobbies.json */ = {isa = PBXFileReference; fileEncoding = 4; lastKnownFileType = text.json; path = Hobbies.json; sourceTree = "<group>"; };
		17DCF27829F43F000041F089 /* Plants.json */ = {isa = PBXFileReference; fileEncoding = 4; lastKnownFileType = text.json; path = Plants.json; sourceTree = "<group>"; };
		17DCF27929F43F000041F089 /* VideoGames.json */ = {isa = PBXFileReference; fileEncoding = 4; lastKnownFileType = text.json; path = VideoGames.json; sourceTree = "<group>"; };
		17DCF27A29F43F000041F089 /* Places.json */ = {isa = PBXFileReference; fileEncoding = 4; lastKnownFileType = text.json; path = Places.json; sourceTree = "<group>"; };
		17DCF27B29F43F000041F089 /* Random.json */ = {isa = PBXFileReference; fileEncoding = 4; lastKnownFileType = text.json; path = Random.json; sourceTree = "<group>"; };
		17DCF27C29F43F000041F089 /* SciFiFantasy.json */ = {isa = PBXFileReference; fileEncoding = 4; lastKnownFileType = text.json; path = SciFiFantasy.json; sourceTree = "<group>"; };
		17DCF27D29F43F000041F089 /* Weather.json */ = {isa = PBXFileReference; fileEncoding = 4; lastKnownFileType = text.json; path = Weather.json; sourceTree = "<group>"; };
		17DCF27E29F43F000041F089 /* Animals.json */ = {isa = PBXFileReference; fileEncoding = 4; lastKnownFileType = text.json; path = Animals.json; sourceTree = "<group>"; };
		17DCF27F29F43F000041F089 /* MoviesAndTV.json */ = {isa = PBXFileReference; fileEncoding = 4; lastKnownFileType = text.json; path = MoviesAndTV.json; sourceTree = "<group>"; };
		17DCF28029F43F000041F089 /* Sports.json */ = {isa = PBXFileReference; fileEncoding = 4; lastKnownFileType = text.json; path = Sports.json; sourceTree = "<group>"; };
		17DCF28129F43F000041F089 /* Computers.json */ = {isa = PBXFileReference; fileEncoding = 4; lastKnownFileType = text.json; path = Computers.json; sourceTree = "<group>"; };
		17DCF28229F43F000041F089 /* Foods.json */ = {isa = PBXFileReference; fileEncoding = 4; lastKnownFileType = text.json; path = Foods.json; sourceTree = "<group>"; };
		17DCF28329F43F000041F089 /* Brands.json */ = {isa = PBXFileReference; fileEncoding = 4; lastKnownFileType = text.json; path = Brands.json; sourceTree = "<group>"; };
		17DCF28429F43F000041F089 /* Pokemon.json */ = {isa = PBXFileReference; fileEncoding = 4; lastKnownFileType = text.json; path = Pokemon.json; sourceTree = "<group>"; };
		17DCF28529F43F000041F089 /* People.json */ = {isa = PBXFileReference; fileEncoding = 4; lastKnownFileType = text.json; path = People.json; sourceTree = "<group>"; };
		17DCF28629F43F000041F089 /* School.json */ = {isa = PBXFileReference; fileEncoding = 4; lastKnownFileType = text.json; path = School.json; sourceTree = "<group>"; };
		17DCF28729F43F000041F089 /* Celebrities.json */ = {isa = PBXFileReference; fileEncoding = 4; lastKnownFileType = text.json; path = Celebrities.json; sourceTree = "<group>"; };
		17DCF28829F43F000041F089 /* Manga.json */ = {isa = PBXFileReference; fileEncoding = 4; lastKnownFileType = text.json; path = Manga.json; sourceTree = "<group>"; };
		17DCF28929F43F000041F089 /* Science.json */ = {isa = PBXFileReference; fileEncoding = 4; lastKnownFileType = text.json; path = Science.json; sourceTree = "<group>"; };
		17DCF2A029F43FBF0041F089 /* DataTypes.swift */ = {isa = PBXFileReference; lastKnownFileType = sourcecode.swift; path = DataTypes.swift; sourceTree = "<group>"; };
		17DCF2A229F442470041F089 /* LevelViewModel.swift */ = {isa = PBXFileReference; lastKnownFileType = sourcecode.swift; path = LevelViewModel.swift; sourceTree = "<group>"; };
		17DCF2A429F449810041F089 /* SegmentView.swift */ = {isa = PBXFileReference; lastKnownFileType = sourcecode.swift; path = SegmentView.swift; sourceTree = "<group>"; };
		17DCF2A629F44BCD0041F089 /* LevelsView.swift */ = {isa = PBXFileReference; lastKnownFileType = sourcecode.swift; path = LevelsView.swift; sourceTree = "<group>"; };
		17DCF2A829F44CD50041F089 /* CategoriesView.swift */ = {isa = PBXFileReference; lastKnownFileType = sourcecode.swift; path = CategoriesView.swift; sourceTree = "<group>"; };
/* End PBXFileReference section */

/* Begin PBXFrameworksBuildPhase section */
		17DCF25F29F43EEF0041F089 /* Frameworks */ = {
			isa = PBXFrameworksBuildPhase;
			buildActionMask = 2147483647;
			files = (
			);
			runOnlyForDeploymentPostprocessing = 0;
		};
/* End PBXFrameworksBuildPhase section */

/* Begin PBXGroup section */
		17DCF25929F43EEF0041F089 = {
			isa = PBXGroup;
			children = (
				17DCF26429F43EEF0041F089 /* SwiftyWords */,
				17DCF26329F43EEF0041F089 /* Products */,
			);
			sourceTree = "<group>";
		};
		17DCF26329F43EEF0041F089 /* Products */ = {
			isa = PBXGroup;
			children = (
				17DCF26229F43EEF0041F089 /* SwiftyWords.app */,
			);
			name = Products;
			sourceTree = "<group>";
		};
		17DCF26429F43EEF0041F089 /* SwiftyWords */ = {
			isa = PBXGroup;
			children = (
				17DCF26529F43EEF0041F089 /* SwiftyWordsApp.swift */,
				17DCF2A829F44CD50041F089 /* CategoriesView.swift */,
				17DCF26729F43EEF0041F089 /* ContentView.swift */,
				17DCF2A629F44BCD0041F089 /* LevelsView.swift */,
				17DCF2A429F449810041F089 /* SegmentView.swift */,
				17DCF2A029F43FBF0041F089 /* DataTypes.swift */,
				17DCF2A229F442470041F089 /* LevelViewModel.swift */,
				17DCF27329F43F000041F089 /* Bundle-Decodable.swift */,
				17DCF27429F43F000041F089 /* Categories */,
				17DCF26929F43EF00041F089 /* Assets.xcassets */,
				17DCF26B29F43EF00041F089 /* Preview Content */,
			);
			path = SwiftyWords;
			sourceTree = "<group>";
		};
		17DCF26B29F43EF00041F089 /* Preview Content */ = {
			isa = PBXGroup;
			children = (
				17DCF26C29F43EF00041F089 /* Preview Assets.xcassets */,
			);
			path = "Preview Content";
			sourceTree = "<group>";
		};
		17DCF27429F43F000041F089 /* Categories */ = {
			isa = PBXGroup;
			children = (
				17DCF27E29F43F000041F089 /* Animals.json */,
				17DCF28329F43F000041F089 /* Brands.json */,
				17DCF27529F43F000041F089 /* Categories.json */,
				17DCF28729F43F000041F089 /* Celebrities.json */,
				17DCF28129F43F000041F089 /* Computers.json */,
				17DCF28229F43F000041F089 /* Foods.json */,
				17DCF27729F43F000041F089 /* Hobbies.json */,
				17DCF28829F43F000041F089 /* Manga.json */,
				17DCF27F29F43F000041F089 /* MoviesAndTV.json */,
				17DCF27629F43F000041F089 /* Music.json */,
				17DCF28529F43F000041F089 /* People.json */,
				17DCF27A29F43F000041F089 /* Places.json */,
				17DCF27829F43F000041F089 /* Plants.json */,
				17DCF28429F43F000041F089 /* Pokemon.json */,
				17DCF27B29F43F000041F089 /* Random.json */,
				17DCF28629F43F000041F089 /* School.json */,
				17DCF28929F43F000041F089 /* Science.json */,
				17DCF27C29F43F000041F089 /* SciFiFantasy.json */,
				17DCF28029F43F000041F089 /* Sports.json */,
				17DCF27929F43F000041F089 /* VideoGames.json */,
				17DCF27D29F43F000041F089 /* Weather.json */,
			);
			path = Categories;
			sourceTree = "<group>";
		};
/* End PBXGroup section */

/* Begin PBXNativeTarget section */
		17DCF26129F43EEF0041F089 /* SwiftyWords */ = {
			isa = PBXNativeTarget;
			buildConfigurationList = 17DCF27029F43EF00041F089 /* Build configuration list for PBXNativeTarget "SwiftyWords" */;
			buildPhases = (
				17DCF25E29F43EEF0041F089 /* Sources */,
				17DCF25F29F43EEF0041F089 /* Frameworks */,
				17DCF26029F43EEF0041F089 /* Resources */,
			);
			buildRules = (
			);
			dependencies = (
			);
			name = SwiftyWords;
			productName = SwiftyWords;
			productReference = 17DCF26229F43EEF0041F089 /* SwiftyWords.app */;
			productType = "com.apple.product-type.application";
		};
/* End PBXNativeTarget section */

/* Begin PBXProject section */
		17DCF25A29F43EEF0041F089 /* Project object */ = {
			isa = PBXProject;
			attributes = {
				BuildIndependentTargetsInParallel = 1;
				LastSwiftUpdateCheck = 1430;
				LastUpgradeCheck = 1430;
				TargetAttributes = {
					17DCF26129F43EEF0041F089 = {
						CreatedOnToolsVersion = 14.3;
					};
				};
			};
			buildConfigurationList = 17DCF25D29F43EEF0041F089 /* Build configuration list for PBXProject "SwiftyWords" */;
			compatibilityVersion = "Xcode 14.0";
			developmentRegion = en;
			hasScannedForEncodings = 0;
			knownRegions = (
				en,
				Base,
			);
			mainGroup = 17DCF25929F43EEF0041F089;
			productRefGroup = 17DCF26329F43EEF0041F089 /* Products */;
			projectDirPath = "";
			projectRoot = "";
			targets = (
				17DCF26129F43EEF0041F089 /* SwiftyWords */,
			);
		};
/* End PBXProject section */

/* Begin PBXResourcesBuildPhase section */
		17DCF26029F43EEF0041F089 /* Resources */ = {
			isa = PBXResourcesBuildPhase;
			buildActionMask = 2147483647;
			files = (
				17DCF29629F43F000041F089 /* Sports.json in Resources */,
				17DCF28B29F43F000041F089 /* Categories.json in Resources */,
				17DCF28E29F43F000041F089 /* Plants.json in Resources */,
				17DCF29A29F43F000041F089 /* Pokemon.json in Resources */,
				17DCF28F29F43F000041F089 /* VideoGames.json in Resources */,
				17DCF29529F43F000041F089 /* MoviesAndTV.json in Resources */,
				17DCF29129F43F000041F089 /* Random.json in Resources */,
				17DCF29029F43F000041F089 /* Places.json in Resources */,
				17DCF29729F43F000041F089 /* Computers.json in Resources */,
				17DCF29F29F43F000041F089 /* Science.json in Resources */,
				17DCF29329F43F000041F089 /* Weather.json in Resources */,
				17DCF28D29F43F000041F089 /* Hobbies.json in Resources */,
				17DCF26D29F43EF00041F089 /* Preview Assets.xcassets in Resources */,
				17DCF29229F43F000041F089 /* SciFiFantasy.json in Resources */,
				17DCF29429F43F000041F089 /* Animals.json in Resources */,
				17DCF29829F43F000041F089 /* Foods.json in Resources */,
				17DCF29C29F43F000041F089 /* School.json in Resources */,
				17DCF26A29F43EF00041F089 /* Assets.xcassets in Resources */,
				17DCF28C29F43F000041F089 /* Music.json in Resources */,
				17DCF29D29F43F000041F089 /* Celebrities.json in Resources */,
				17DCF29B29F43F000041F089 /* People.json in Resources */,
				17DCF29E29F43F000041F089 /* Manga.json in Resources */,
				17DCF29929F43F000041F089 /* Brands.json in Resources */,
			);
			runOnlyForDeploymentPostprocessing = 0;
		};
/* End PBXResourcesBuildPhase section */

/* Begin PBXSourcesBuildPhase section */
		17DCF25E29F43EEF0041F089 /* Sources */ = {
			isa = PBXSourcesBuildPhase;
			buildActionMask = 2147483647;
			files = (
				17DCF26829F43EEF0041F089 /* ContentView.swift in Sources */,
				17DCF2A129F43FBF0041F089 /* DataTypes.swift in Sources */,
				17DCF2A329F442470041F089 /* LevelViewModel.swift in Sources */,
				17DCF26629F43EEF0041F089 /* SwiftyWordsApp.swift in Sources */,
				17DCF2A729F44BCD0041F089 /* LevelsView.swift in Sources */,
				17DCF2A529F449810041F089 /* SegmentView.swift in Sources */,
				17DCF2A929F44CD50041F089 /* CategoriesView.swift in Sources */,
				17DCF28A29F43F000041F089 /* Bundle-Decodable.swift in Sources */,
			);
			runOnlyForDeploymentPostprocessing = 0;
		};
/* End PBXSourcesBuildPhase section */

/* Begin XCBuildConfiguration section */
		17DCF26E29F43EF00041F089 /* Debug */ = {
			isa = XCBuildConfiguration;
			buildSettings = {
				ALWAYS_SEARCH_USER_PATHS = NO;
				CLANG_ANALYZER_NONNULL = YES;
				CLANG_ANALYZER_NUMBER_OBJECT_CONVERSION = YES_AGGRESSIVE;
				CLANG_CXX_LANGUAGE_STANDARD = "gnu++20";
				CLANG_ENABLE_MODULES = YES;
				CLANG_ENABLE_OBJC_ARC = YES;
				CLANG_ENABLE_OBJC_WEAK = YES;
				CLANG_WARN_BLOCK_CAPTURE_AUTORELEASING = YES;
				CLANG_WARN_BOOL_CONVERSION = YES;
				CLANG_WARN_COMMA = YES;
				CLANG_WARN_CONSTANT_CONVERSION = YES;
				CLANG_WARN_DEPRECATED_OBJC_IMPLEMENTATIONS = YES;
				CLANG_WARN_DIRECT_OBJC_ISA_USAGE = YES_ERROR;
				CLANG_WARN_DOCUMENTATION_COMMENTS = YES;
				CLANG_WARN_EMPTY_BODY = YES;
				CLANG_WARN_ENUM_CONVERSION = YES;
				CLANG_WARN_INFINITE_RECURSION = YES;
				CLANG_WARN_INT_CONVERSION = YES;
				CLANG_WARN_NON_LITERAL_NULL_CONVERSION = YES;
				CLANG_WARN_OBJC_IMPLICIT_RETAIN_SELF = YES;
				CLANG_WARN_OBJC_LITERAL_CONVERSION = YES;
				CLANG_WARN_OBJC_ROOT_CLASS = YES_ERROR;
				CLANG_WARN_QUOTED_INCLUDE_IN_FRAMEWORK_HEADER = YES;
				CLANG_WARN_RANGE_LOOP_ANALYSIS = YES;
				CLANG_WARN_STRICT_PROTOTYPES = YES;
				CLANG_WARN_SUSPICIOUS_MOVE = YES;
				CLANG_WARN_UNGUARDED_AVAILABILITY = YES_AGGRESSIVE;
				CLANG_WARN_UNREACHABLE_CODE = YES;
				CLANG_WARN__DUPLICATE_METHOD_MATCH = YES;
				COPY_PHASE_STRIP = NO;
				DEBUG_INFORMATION_FORMAT = dwarf;
				ENABLE_STRICT_OBJC_MSGSEND = YES;
				ENABLE_TESTABILITY = YES;
				GCC_C_LANGUAGE_STANDARD = gnu11;
				GCC_DYNAMIC_NO_PIC = NO;
				GCC_NO_COMMON_BLOCKS = YES;
				GCC_OPTIMIZATION_LEVEL = 0;
				GCC_PREPROCESSOR_DEFINITIONS = (
					"DEBUG=1",
					"$(inherited)",
				);
				GCC_WARN_64_TO_32_BIT_CONVERSION = YES;
				GCC_WARN_ABOUT_RETURN_TYPE = YES_ERROR;
				GCC_WARN_UNDECLARED_SELECTOR = YES;
				GCC_WARN_UNINITIALIZED_AUTOS = YES_AGGRESSIVE;
				GCC_WARN_UNUSED_FUNCTION = YES;
				GCC_WARN_UNUSED_VARIABLE = YES;
				IPHONEOS_DEPLOYMENT_TARGET = 16.4;
				MTL_ENABLE_DEBUG_INFO = INCLUDE_SOURCE;
				MTL_FAST_MATH = YES;
				ONLY_ACTIVE_ARCH = YES;
				SDKROOT = iphoneos;
				SWIFT_ACTIVE_COMPILATION_CONDITIONS = DEBUG;
				SWIFT_OPTIMIZATION_LEVEL = "-Onone";
			};
			name = Debug;
		};
		17DCF26F29F43EF00041F089 /* Release */ = {
			isa = XCBuildConfiguration;
			buildSettings = {
				ALWAYS_SEARCH_USER_PATHS = NO;
				CLANG_ANALYZER_NONNULL = YES;
				CLANG_ANALYZER_NUMBER_OBJECT_CONVERSION = YES_AGGRESSIVE;
				CLANG_CXX_LANGUAGE_STANDARD = "gnu++20";
				CLANG_ENABLE_MODULES = YES;
				CLANG_ENABLE_OBJC_ARC = YES;
				CLANG_ENABLE_OBJC_WEAK = YES;
				CLANG_WARN_BLOCK_CAPTURE_AUTORELEASING = YES;
				CLANG_WARN_BOOL_CONVERSION = YES;
				CLANG_WARN_COMMA = YES;
				CLANG_WARN_CONSTANT_CONVERSION = YES;
				CLANG_WARN_DEPRECATED_OBJC_IMPLEMENTATIONS = YES;
				CLANG_WARN_DIRECT_OBJC_ISA_USAGE = YES_ERROR;
				CLANG_WARN_DOCUMENTATION_COMMENTS = YES;
				CLANG_WARN_EMPTY_BODY = YES;
				CLANG_WARN_ENUM_CONVERSION = YES;
				CLANG_WARN_INFINITE_RECURSION = YES;
				CLANG_WARN_INT_CONVERSION = YES;
				CLANG_WARN_NON_LITERAL_NULL_CONVERSION = YES;
				CLANG_WARN_OBJC_IMPLICIT_RETAIN_SELF = YES;
				CLANG_WARN_OBJC_LITERAL_CONVERSION = YES;
				CLANG_WARN_OBJC_ROOT_CLASS = YES_ERROR;
				CLANG_WARN_QUOTED_INCLUDE_IN_FRAMEWORK_HEADER = YES;
				CLANG_WARN_RANGE_LOOP_ANALYSIS = YES;
				CLANG_WARN_STRICT_PROTOTYPES = YES;
				CLANG_WARN_SUSPICIOUS_MOVE = YES;
				CLANG_WARN_UNGUARDED_AVAILABILITY = YES_AGGRESSIVE;
				CLANG_WARN_UNREACHABLE_CODE = YES;
				CLANG_WARN__DUPLICATE_METHOD_MATCH = YES;
				COPY_PHASE_STRIP = NO;
				DEBUG_INFORMATION_FORMAT = "dwarf-with-dsym";
				ENABLE_NS_ASSERTIONS = NO;
				ENABLE_STRICT_OBJC_MSGSEND = YES;
				GCC_C_LANGUAGE_STANDARD = gnu11;
				GCC_NO_COMMON_BLOCKS = YES;
				GCC_WARN_64_TO_32_BIT_CONVERSION = YES;
				GCC_WARN_ABOUT_RETURN_TYPE = YES_ERROR;
				GCC_WARN_UNDECLARED_SELECTOR = YES;
				GCC_WARN_UNINITIALIZED_AUTOS = YES_AGGRESSIVE;
				GCC_WARN_UNUSED_FUNCTION = YES;
				GCC_WARN_UNUSED_VARIABLE = YES;
				IPHONEOS_DEPLOYMENT_TARGET = 16.4;
				MTL_ENABLE_DEBUG_INFO = NO;
				MTL_FAST_MATH = YES;
				SDKROOT = iphoneos;
				SWIFT_COMPILATION_MODE = wholemodule;
				SWIFT_OPTIMIZATION_LEVEL = "-O";
				VALIDATE_PRODUCT = YES;
			};
			name = Release;
		};
		17DCF27129F43EF00041F089 /* Debug */ = {
			isa = XCBuildConfiguration;
			buildSettings = {
				ASSETCATALOG_COMPILER_APPICON_NAME = AppIcon;
				ASSETCATALOG_COMPILER_GLOBAL_ACCENT_COLOR_NAME = AccentColor;
				CODE_SIGN_STYLE = Automatic;
				CURRENT_PROJECT_VERSION = 1;
				DEVELOPMENT_ASSET_PATHS = "\"SwiftyWords/Preview Content\"";
				DEVELOPMENT_TEAM = P8CC95REUG;
				ENABLE_PREVIEWS = YES;
				GENERATE_INFOPLIST_FILE = YES;
				INFOPLIST_KEY_UIApplicationSceneManifest_Generation = YES;
				INFOPLIST_KEY_UIApplicationSupportsIndirectInputEvents = YES;
				INFOPLIST_KEY_UILaunchScreen_Generation = YES;
				INFOPLIST_KEY_UISupportedInterfaceOrientations_iPad = "UIInterfaceOrientationPortrait UIInterfaceOrientationPortraitUpsideDown UIInterfaceOrientationLandscapeLeft UIInterfaceOrientationLandscapeRight";
				INFOPLIST_KEY_UISupportedInterfaceOrientations_iPhone = "UIInterfaceOrientationPortrait UIInterfaceOrientationLandscapeLeft UIInterfaceOrientationLandscapeRight";
				LD_RUNPATH_SEARCH_PATHS = (
					"$(inherited)",
					"@executable_path/Frameworks",
				);
				MARKETING_VERSION = 1.0;
				PRODUCT_BUNDLE_IDENTIFIER = com.yourcompany.SwiftyWords;
				PRODUCT_NAME = "$(TARGET_NAME)";
				SWIFT_EMIT_LOC_STRINGS = YES;
				SWIFT_VERSION = 5.0;
				TARGETED_DEVICE_FAMILY = "1,2";
			};
			name = Debug;
		};
		17DCF27229F43EF00041F089 /* Release */ = {
			isa = XCBuildConfiguration;
			buildSettings = {
				ASSETCATALOG_COMPILER_APPICON_NAME = AppIcon;
				ASSETCATALOG_COMPILER_GLOBAL_ACCENT_COLOR_NAME = AccentColor;
				CODE_SIGN_STYLE = Automatic;
				CURRENT_PROJECT_VERSION = 1;
				DEVELOPMENT_ASSET_PATHS = "\"SwiftyWords/Preview Content\"";
				DEVELOPMENT_TEAM = P8CC95REUG;
				ENABLE_PREVIEWS = YES;
				GENERATE_INFOPLIST_FILE = YES;
				INFOPLIST_KEY_UIApplicationSceneManifest_Generation = YES;
				INFOPLIST_KEY_UIApplicationSupportsIndirectInputEvents = YES;
				INFOPLIST_KEY_UILaunchScreen_Generation = YES;
				INFOPLIST_KEY_UISupportedInterfaceOrientations_iPad = "UIInterfaceOrientationPortrait UIInterfaceOrientationPortraitUpsideDown UIInterfaceOrientationLandscapeLeft UIInterfaceOrientationLandscapeRight";
				INFOPLIST_KEY_UISupportedInterfaceOrientations_iPhone = "UIInterfaceOrientationPortrait UIInterfaceOrientationLandscapeLeft UIInterfaceOrientationLandscapeRight";
				LD_RUNPATH_SEARCH_PATHS = (
					"$(inherited)",
					"@executable_path/Frameworks",
				);
				MARKETING_VERSION = 1.0;
				PRODUCT_BUNDLE_IDENTIFIER = com.yourcompany.SwiftyWords;
				PRODUCT_NAME = "$(TARGET_NAME)";
				SWIFT_EMIT_LOC_STRINGS = YES;
				SWIFT_VERSION = 5.0;
				TARGETED_DEVICE_FAMILY = "1,2";
			};
			name = Release;
		};
/* End XCBuildConfiguration section */

/* Begin XCConfigurationList section */
		17DCF25D29F43EEF0041F089 /* Build configuration list for PBXProject "SwiftyWords" */ = {
			isa = XCConfigurationList;
			buildConfigurations = (
				17DCF26E29F43EF00041F089 /* Debug */,
				17DCF26F29F43EF00041F089 /* Release */,
			);
			defaultConfigurationIsVisible = 0;
			defaultConfigurationName = Release;
		};
		17DCF27029F43EF00041F089 /* Build configuration list for PBXNativeTarget "SwiftyWords" */ = {
			isa = XCConfigurationList;
			buildConfigurations = (
				17DCF27129F43EF00041F089 /* Debug */,
				17DCF27229F43EF00041F089 /* Release */,
			);
			defaultConfigurationIsVisible = 0;
			defaultConfigurationName = Release;
		};
/* End XCConfigurationList section */
	};
	rootObject = 17DCF25A29F43EEF0041F089 /* Project object */;
}
